// !$*UTF8*$!
{
	archiveVersion = 1;
	classes = {
	};
	objectVersion = 56;
	objects = {

/* Begin PBXBuildFile section */
		CE136B112A0D62BF003DA53A /* AppDelegate.swift in Sources */ = {isa = PBXBuildFile; fileRef = CE136B102A0D62BF003DA53A /* AppDelegate.swift */; };
		CE136B132A0D62BF003DA53A /* SceneDelegate.swift in Sources */ = {isa = PBXBuildFile; fileRef = CE136B122A0D62BF003DA53A /* SceneDelegate.swift */; };
		CE136B152A0D62BF003DA53A /* ViewController.swift in Sources */ = {isa = PBXBuildFile; fileRef = CE136B142A0D62BF003DA53A /* ViewController.swift */; };
		CE136B182A0D62BF003DA53A /* Main.storyboard in Resources */ = {isa = PBXBuildFile; fileRef = CE136B162A0D62BF003DA53A /* Main.storyboard */; };
		CE136B1A2A0D62C0003DA53A /* Assets.xcassets in Resources */ = {isa = PBXBuildFile; fileRef = CE136B192A0D62C0003DA53A /* Assets.xcassets */; };
		CE136B1D2A0D62C0003DA53A /* LaunchScreen.storyboard in Resources */ = {isa = PBXBuildFile; fileRef = CE136B1B2A0D62C0003DA53A /* LaunchScreen.storyboard */; };
		CE136B282A0D62C0003DA53A /* MovieMVVM__APPTests.swift in Sources */ = {isa = PBXBuildFile; fileRef = CE136B272A0D62C0003DA53A /* MovieMVVM__APPTests.swift */; };
		CE136B322A0D62C0003DA53A /* MovieMVVM__APPUITests.swift in Sources */ = {isa = PBXBuildFile; fileRef = CE136B312A0D62C0003DA53A /* MovieMVVM__APPUITests.swift */; };
		CE136B342A0D62C0003DA53A /* MovieMVVM__APPUITestsLaunchTests.swift in Sources */ = {isa = PBXBuildFile; fileRef = CE136B332A0D62C0003DA53A /* MovieMVVM__APPUITestsLaunchTests.swift */; };
/* End PBXBuildFile section */

/* Begin PBXContainerItemProxy section */
		CE136B242A0D62C0003DA53A /* PBXContainerItemProxy */ = {
			isa = PBXContainerItemProxy;
			containerPortal = CE136B052A0D62BF003DA53A /* Project object */;
			proxyType = 1;
			remoteGlobalIDString = CE136B0C2A0D62BF003DA53A;
			remoteInfo = MovieMVVM__APP;
		};
		CE136B2E2A0D62C0003DA53A /* PBXContainerItemProxy */ = {
			isa = PBXContainerItemProxy;
			containerPortal = CE136B052A0D62BF003DA53A /* Project object */;
			proxyType = 1;
			remoteGlobalIDString = CE136B0C2A0D62BF003DA53A;
			remoteInfo = MovieMVVM__APP;
		};
/* End PBXContainerItemProxy section */

/* Begin PBXFileReference section */
		CE136B0D2A0D62BF003DA53A /* MovieMVVM__APP.app */ = {isa = PBXFileReference; explicitFileType = wrapper.application; includeInIndex = 0; path = MovieMVVM__APP.app; sourceTree = BUILT_PRODUCTS_DIR; };
		CE136B102A0D62BF003DA53A /* AppDelegate.swift */ = {isa = PBXFileReference; lastKnownFileType = sourcecode.swift; path = AppDelegate.swift; sourceTree = "<group>"; };
		CE136B122A0D62BF003DA53A /* SceneDelegate.swift */ = {isa = PBXFileReference; lastKnownFileType = sourcecode.swift; path = SceneDelegate.swift; sourceTree = "<group>"; };
		CE136B142A0D62BF003DA53A /* ViewController.swift */ = {isa = PBXFileReference; lastKnownFileType = sourcecode.swift; path = ViewController.swift; sourceTree = "<group>"; };
		CE136B172A0D62BF003DA53A /* Base */ = {isa = PBXFileReference; lastKnownFileType = file.storyboard; name = Base; path = Base.lproj/Main.storyboard; sourceTree = "<group>"; };
		CE136B192A0D62C0003DA53A /* Assets.xcassets */ = {isa = PBXFileReference; lastKnownFileType = folder.assetcatalog; path = Assets.xcassets; sourceTree = "<group>"; };
		CE136B1C2A0D62C0003DA53A /* Base */ = {isa = PBXFileReference; lastKnownFileType = file.storyboard; name = Base; path = Base.lproj/LaunchScreen.storyboard; sourceTree = "<group>"; };
		CE136B1E2A0D62C0003DA53A /* Info.plist */ = {isa = PBXFileReference; lastKnownFileType = text.plist.xml; path = Info.plist; sourceTree = "<group>"; };
		CE136B232A0D62C0003DA53A /* MovieMVVM__APPTests.xctest */ = {isa = PBXFileReference; explicitFileType = wrapper.cfbundle; includeInIndex = 0; path = MovieMVVM__APPTests.xctest; sourceTree = BUILT_PRODUCTS_DIR; };
		CE136B272A0D62C0003DA53A /* MovieMVVM__APPTests.swift */ = {isa = PBXFileReference; lastKnownFileType = sourcecode.swift; path = MovieMVVM__APPTests.swift; sourceTree = "<group>"; };
		CE136B2D2A0D62C0003DA53A /* MovieMVVM__APPUITests.xctest */ = {isa = PBXFileReference; explicitFileType = wrapper.cfbundle; includeInIndex = 0; path = MovieMVVM__APPUITests.xctest; sourceTree = BUILT_PRODUCTS_DIR; };
		CE136B312A0D62C0003DA53A /* MovieMVVM__APPUITests.swift */ = {isa = PBXFileReference; lastKnownFileType = sourcecode.swift; path = MovieMVVM__APPUITests.swift; sourceTree = "<group>"; };
		CE136B332A0D62C0003DA53A /* MovieMVVM__APPUITestsLaunchTests.swift */ = {isa = PBXFileReference; lastKnownFileType = sourcecode.swift; path = MovieMVVM__APPUITestsLaunchTests.swift; sourceTree = "<group>"; };
/* End PBXFileReference section */

/* Begin PBXFrameworksBuildPhase section */
		CE136B0A2A0D62BF003DA53A /* Frameworks */ = {
			isa = PBXFrameworksBuildPhase;
			buildActionMask = 2147483647;
			files = (
			);
			runOnlyForDeploymentPostprocessing = 0;
		};
		CE136B202A0D62C0003DA53A /* Frameworks */ = {
			isa = PBXFrameworksBuildPhase;
			buildActionMask = 2147483647;
			files = (
			);
			runOnlyForDeploymentPostprocessing = 0;
		};
		CE136B2A2A0D62C0003DA53A /* Frameworks */ = {
			isa = PBXFrameworksBuildPhase;
			buildActionMask = 2147483647;
			files = (
			);
			runOnlyForDeploymentPostprocessing = 0;
		};
/* End PBXFrameworksBuildPhase section */

/* Begin PBXGroup section */
		CE136B042A0D62BF003DA53A = {
			isa = PBXGroup;
			children = (
				CE136B0F2A0D62BF003DA53A /* MovieMVVM__APP */,
				CE136B262A0D62C0003DA53A /* MovieMVVM__APPTests */,
				CE136B302A0D62C0003DA53A /* MovieMVVM__APPUITests */,
				CE136B0E2A0D62BF003DA53A /* Products */,
			);
			sourceTree = "<group>";
		};
		CE136B0E2A0D62BF003DA53A /* Products */ = {
			isa = PBXGroup;
			children = (
				CE136B0D2A0D62BF003DA53A /* MovieMVVM__APP.app */,
				CE136B232A0D62C0003DA53A /* MovieMVVM__APPTests.xctest */,
				CE136B2D2A0D62C0003DA53A /* MovieMVVM__APPUITests.xctest */,
			);
			name = Products;
			sourceTree = "<group>";
		};
		CE136B0F2A0D62BF003DA53A /* MovieMVVM__APP */ = {
			isa = PBXGroup;
			children = (
				CE136B102A0D62BF003DA53A /* AppDelegate.swift */,
				CE136B122A0D62BF003DA53A /* SceneDelegate.swift */,
				CE136B142A0D62BF003DA53A /* ViewController.swift */,
				CE136B162A0D62BF003DA53A /* Main.storyboard */,
				CE136B192A0D62C0003DA53A /* Assets.xcassets */,
				CE136B1B2A0D62C0003DA53A /* LaunchScreen.storyboard */,
				CE136B1E2A0D62C0003DA53A /* Info.plist */,
			);
			path = MovieMVVM__APP;
			sourceTree = "<group>";
		};
		CE136B262A0D62C0003DA53A /* MovieMVVM__APPTests */ = {
			isa = PBXGroup;
			children = (
				CE136B272A0D62C0003DA53A /* MovieMVVM__APPTests.swift */,
			);
			path = MovieMVVM__APPTests;
			sourceTree = "<group>";
		};
		CE136B302A0D62C0003DA53A /* MovieMVVM__APPUITests */ = {
			isa = PBXGroup;
			children = (
				CE136B312A0D62C0003DA53A /* MovieMVVM__APPUITests.swift */,
				CE136B332A0D62C0003DA53A /* MovieMVVM__APPUITestsLaunchTests.swift */,
			);
			path = MovieMVVM__APPUITests;
			sourceTree = "<group>";
		};
/* End PBXGroup section */

/* Begin PBXNativeTarget section */
		CE136B0C2A0D62BF003DA53A /* MovieMVVM__APP */ = {
			isa = PBXNativeTarget;
			buildConfigurationList = CE136B372A0D62C0003DA53A /* Build configuration list for PBXNativeTarget "MovieMVVM__APP" */;
			buildPhases = (
				CE136B092A0D62BF003DA53A /* Sources */,
				CE136B0A2A0D62BF003DA53A /* Frameworks */,
				CE136B0B2A0D62BF003DA53A /* Resources */,
			);
			buildRules = (
			);
			dependencies = (
			);
			name = MovieMVVM__APP;
			productName = MovieMVVM__APP;
			productReference = CE136B0D2A0D62BF003DA53A /* MovieMVVM__APP.app */;
			productType = "com.apple.product-type.application";
		};
		CE136B222A0D62C0003DA53A /* MovieMVVM__APPTests */ = {
			isa = PBXNativeTarget;
			buildConfigurationList = CE136B3A2A0D62C0003DA53A /* Build configuration list for PBXNativeTarget "MovieMVVM__APPTests" */;
			buildPhases = (
				CE136B1F2A0D62C0003DA53A /* Sources */,
				CE136B202A0D62C0003DA53A /* Frameworks */,
				CE136B212A0D62C0003DA53A /* Resources */,
			);
			buildRules = (
			);
			dependencies = (
				CE136B252A0D62C0003DA53A /* PBXTargetDependency */,
			);
			name = MovieMVVM__APPTests;
			productName = MovieMVVM__APPTests;
			productReference = CE136B232A0D62C0003DA53A /* MovieMVVM__APPTests.xctest */;
			productType = "com.apple.product-type.bundle.unit-test";
		};
		CE136B2C2A0D62C0003DA53A /* MovieMVVM__APPUITests */ = {
			isa = PBXNativeTarget;
			buildConfigurationList = CE136B3D2A0D62C0003DA53A /* Build configuration list for PBXNativeTarget "MovieMVVM__APPUITests" */;
			buildPhases = (
				CE136B292A0D62C0003DA53A /* Sources */,
				CE136B2A2A0D62C0003DA53A /* Frameworks */,
				CE136B2B2A0D62C0003DA53A /* Resources */,
			);
			buildRules = (
			);
			dependencies = (
				CE136B2F2A0D62C0003DA53A /* PBXTargetDependency */,
			);
			name = MovieMVVM__APPUITests;
			productName = MovieMVVM__APPUITests;
			productReference = CE136B2D2A0D62C0003DA53A /* MovieMVVM__APPUITests.xctest */;
			productType = "com.apple.product-type.bundle.ui-testing";
		};
/* End PBXNativeTarget section */

/* Begin PBXProject section */
		CE136B052A0D62BF003DA53A /* Project object */ = {
			isa = PBXProject;
			attributes = {
				BuildIndependentTargetsInParallel = 1;
				LastSwiftUpdateCheck = 1420;
				LastUpgradeCheck = 1420;
				TargetAttributes = {
					CE136B0C2A0D62BF003DA53A = {
						CreatedOnToolsVersion = 14.2;
					};
					CE136B222A0D62C0003DA53A = {
						CreatedOnToolsVersion = 14.2;
						TestTargetID = CE136B0C2A0D62BF003DA53A;
					};
					CE136B2C2A0D62C0003DA53A = {
						CreatedOnToolsVersion = 14.2;
						TestTargetID = CE136B0C2A0D62BF003DA53A;
					};
				};
			};
			buildConfigurationList = CE136B082A0D62BF003DA53A /* Build configuration list for PBXProject "MovieMVVM__APP" */;
			compatibilityVersion = "Xcode 14.0";
			developmentRegion = en;
			hasScannedForEncodings = 0;
			knownRegions = (
				en,
				Base,
			);
			mainGroup = CE136B042A0D62BF003DA53A;
			productRefGroup = CE136B0E2A0D62BF003DA53A /* Products */;
			projectDirPath = "";
			projectRoot = "";
			targets = (
				CE136B0C2A0D62BF003DA53A /* MovieMVVM__APP */,
				CE136B222A0D62C0003DA53A /* MovieMVVM__APPTests */,
				CE136B2C2A0D62C0003DA53A /* MovieMVVM__APPUITests */,
			);
		};
/* End PBXProject section */

/* Begin PBXResourcesBuildPhase section */
		CE136B0B2A0D62BF003DA53A /* Resources */ = {
			isa = PBXResourcesBuildPhase;
			buildActionMask = 2147483647;
			files = (
				CE136B1D2A0D62C0003DA53A /* LaunchScreen.storyboard in Resources */,
				CE136B1A2A0D62C0003DA53A /* Assets.xcassets in Resources */,
				CE136B182A0D62BF003DA53A /* Main.storyboard in Resources */,
			);
			runOnlyForDeploymentPostprocessing = 0;
		};
		CE136B212A0D62C0003DA53A /* Resources */ = {
			isa = PBXResourcesBuildPhase;
			buildActionMask = 2147483647;
			files = (
			);
			runOnlyForDeploymentPostprocessing = 0;
		};
		CE136B2B2A0D62C0003DA53A /* Resources */ = {
			isa = PBXResourcesBuildPhase;
			buildActionMask = 2147483647;
			files = (
			);
			runOnlyForDeploymentPostprocessing = 0;
		};
/* End PBXResourcesBuildPhase section */

/* Begin PBXSourcesBuildPhase section */
		CE136B092A0D62BF003DA53A /* Sources */ = {
			isa = PBXSourcesBuildPhase;
			buildActionMask = 2147483647;
			files = (
				CE136B152A0D62BF003DA53A /* ViewController.swift in Sources */,
				CE136B112A0D62BF003DA53A /* AppDelegate.swift in Sources */,
				CE136B132A0D62BF003DA53A /* SceneDelegate.swift in Sources */,
			);
			runOnlyForDeploymentPostprocessing = 0;
		};
		CE136B1F2A0D62C0003DA53A /* Sources */ = {
			isa = PBXSourcesBuildPhase;
			buildActionMask = 2147483647;
			files = (
				CE136B282A0D62C0003DA53A /* MovieMVVM__APPTests.swift in Sources */,
			);
			runOnlyForDeploymentPostprocessing = 0;
		};
		CE136B292A0D62C0003DA53A /* Sources */ = {
			isa = PBXSourcesBuildPhase;
			buildActionMask = 2147483647;
			files = (
				CE136B322A0D62C0003DA53A /* MovieMVVM__APPUITests.swift in Sources */,
				CE136B342A0D62C0003DA53A /* MovieMVVM__APPUITestsLaunchTests.swift in Sources */,
			);
			runOnlyForDeploymentPostprocessing = 0;
		};
/* End PBXSourcesBuildPhase section */

/* Begin PBXTargetDependency section */
		CE136B252A0D62C0003DA53A /* PBXTargetDependency */ = {
			isa = PBXTargetDependency;
			target = CE136B0C2A0D62BF003DA53A /* MovieMVVM__APP */;
			targetProxy = CE136B242A0D62C0003DA53A /* PBXContainerItemProxy */;
		};
		CE136B2F2A0D62C0003DA53A /* PBXTargetDependency */ = {
			isa = PBXTargetDependency;
			target = CE136B0C2A0D62BF003DA53A /* MovieMVVM__APP */;
			targetProxy = CE136B2E2A0D62C0003DA53A /* PBXContainerItemProxy */;
		};
/* End PBXTargetDependency section */

/* Begin PBXVariantGroup section */
		CE136B162A0D62BF003DA53A /* Main.storyboard */ = {
			isa = PBXVariantGroup;
			children = (
				CE136B172A0D62BF003DA53A /* Base */,
			);
			name = Main.storyboard;
			sourceTree = "<group>";
		};
		CE136B1B2A0D62C0003DA53A /* LaunchScreen.storyboard */ = {
			isa = PBXVariantGroup;
			children = (
				CE136B1C2A0D62C0003DA53A /* Base */,
			);
			name = LaunchScreen.storyboard;
			sourceTree = "<group>";
		};
/* End PBXVariantGroup section */

/* Begin XCBuildConfiguration section */
		CE136B352A0D62C0003DA53A /* Debug */ = {
			isa = XCBuildConfiguration;
			buildSettings = {
				ALWAYS_SEARCH_USER_PATHS = NO;
				CLANG_ANALYZER_NONNULL = YES;
				CLANG_ANALYZER_NUMBER_OBJECT_CONVERSION = YES_AGGRESSIVE;
				CLANG_CXX_LANGUAGE_STANDARD = "gnu++20";
				CLANG_ENABLE_MODULES = YES;
				CLANG_ENABLE_OBJC_ARC = YES;
				CLANG_ENABLE_OBJC_WEAK = YES;
				CLANG_WARN_BLOCK_CAPTURE_AUTORELEASING = YES;
				CLANG_WARN_BOOL_CONVERSION = YES;
				CLANG_WARN_COMMA = YES;
				CLANG_WARN_CONSTANT_CONVERSION = YES;
				CLANG_WARN_DEPRECATED_OBJC_IMPLEMENTATIONS = YES;
				CLANG_WARN_DIRECT_OBJC_ISA_USAGE = YES_ERROR;
				CLANG_WARN_DOCUMENTATION_COMMENTS = YES;
				CLANG_WARN_EMPTY_BODY = YES;
				CLANG_WARN_ENUM_CONVERSION = YES;
				CLANG_WARN_INFINITE_RECURSION = YES;
				CLANG_WARN_INT_CONVERSION = YES;
				CLANG_WARN_NON_LITERAL_NULL_CONVERSION = YES;
				CLANG_WARN_OBJC_IMPLICIT_RETAIN_SELF = YES;
				CLANG_WARN_OBJC_LITERAL_CONVERSION = YES;
				CLANG_WARN_OBJC_ROOT_CLASS = YES_ERROR;
				CLANG_WARN_QUOTED_INCLUDE_IN_FRAMEWORK_HEADER = YES;
				CLANG_WARN_RANGE_LOOP_ANALYSIS = YES;
				CLANG_WARN_STRICT_PROTOTYPES = YES;
				CLANG_WARN_SUSPICIOUS_MOVE = YES;
				CLANG_WARN_UNGUARDED_AVAILABILITY = YES_AGGRESSIVE;
				CLANG_WARN_UNREACHABLE_CODE = YES;
				CLANG_WARN__DUPLICATE_METHOD_MATCH = YES;
				COPY_PHASE_STRIP = NO;
				DEBUG_INFORMATION_FORMAT = dwarf;
				ENABLE_STRICT_OBJC_MSGSEND = YES;
				ENABLE_TESTABILITY = YES;
				GCC_C_LANGUAGE_STANDARD = gnu11;
				GCC_DYNAMIC_NO_PIC = NO;
				GCC_NO_COMMON_BLOCKS = YES;
				GCC_OPTIMIZATION_LEVEL = 0;
				GCC_PREPROCESSOR_DEFINITIONS = (
					"DEBUG=1",
					"$(inherited)",
				);
				GCC_WARN_64_TO_32_BIT_CONVERSION = YES;
				GCC_WARN_ABOUT_RETURN_TYPE = YES_ERROR;
				GCC_WARN_UNDECLARED_SELECTOR = YES;
				GCC_WARN_UNINITIALIZED_AUTOS = YES_AGGRESSIVE;
				GCC_WARN_UNUSED_FUNCTION = YES;
				GCC_WARN_UNUSED_VARIABLE = YES;
				IPHONEOS_DEPLOYMENT_TARGET = 16.2;
				MTL_ENABLE_DEBUG_INFO = INCLUDE_SOURCE;
				MTL_FAST_MATH = YES;
				ONLY_ACTIVE_ARCH = YES;
				SDKROOT = iphoneos;
				SWIFT_ACTIVE_COMPILATION_CONDITIONS = DEBUG;
				SWIFT_OPTIMIZATION_LEVEL = "-Onone";
			};
			name = Debug;
		};
		CE136B362A0D62C0003DA53A /* Release */ = {
			isa = XCBuildConfiguration;
			buildSettings = {
				ALWAYS_SEARCH_USER_PATHS = NO;
				CLANG_ANALYZER_NONNULL = YES;
				CLANG_ANALYZER_NUMBER_OBJECT_CONVERSION = YES_AGGRESSIVE;
				CLANG_CXX_LANGUAGE_STANDARD = "gnu++20";
				CLANG_ENABLE_MODULES = YES;
				CLANG_ENABLE_OBJC_ARC = YES;
				CLANG_ENABLE_OBJC_WEAK = YES;
				CLANG_WARN_BLOCK_CAPTURE_AUTORELEASING = YES;
				CLANG_WARN_BOOL_CONVERSION = YES;
				CLANG_WARN_COMMA = YES;
				CLANG_WARN_CONSTANT_CONVERSION = YES;
				CLANG_WARN_DEPRECATED_OBJC_IMPLEMENTATIONS = YES;
				CLANG_WARN_DIRECT_OBJC_ISA_USAGE = YES_ERROR;
				CLANG_WARN_DOCUMENTATION_COMMENTS = YES;
				CLANG_WARN_EMPTY_BODY = YES;
				CLANG_WARN_ENUM_CONVERSION = YES;
				CLANG_WARN_INFINITE_RECURSION = YES;
				CLANG_WARN_INT_CONVERSION = YES;
				CLANG_WARN_NON_LITERAL_NULL_CONVERSION = YES;
				CLANG_WARN_OBJC_IMPLICIT_RETAIN_SELF = YES;
				CLANG_WARN_OBJC_LITERAL_CONVERSION = YES;
				CLANG_WARN_OBJC_ROOT_CLASS = YES_ERROR;
				CLANG_WARN_QUOTED_INCLUDE_IN_FRAMEWORK_HEADER = YES;
				CLANG_WARN_RANGE_LOOP_ANALYSIS = YES;
				CLANG_WARN_STRICT_PROTOTYPES = YES;
				CLANG_WARN_SUSPICIOUS_MOVE = YES;
				CLANG_WARN_UNGUARDED_AVAILABILITY = YES_AGGRESSIVE;
				CLANG_WARN_UNREACHABLE_CODE = YES;
				CLANG_WARN__DUPLICATE_METHOD_MATCH = YES;
				COPY_PHASE_STRIP = NO;
				DEBUG_INFORMATION_FORMAT = "dwarf-with-dsym";
				ENABLE_NS_ASSERTIONS = NO;
				ENABLE_STRICT_OBJC_MSGSEND = YES;
				GCC_C_LANGUAGE_STANDARD = gnu11;
				GCC_NO_COMMON_BLOCKS = YES;
				GCC_WARN_64_TO_32_BIT_CONVERSION = YES;
				GCC_WARN_ABOUT_RETURN_TYPE = YES_ERROR;
				GCC_WARN_UNDECLARED_SELECTOR = YES;
				GCC_WARN_UNINITIALIZED_AUTOS = YES_AGGRESSIVE;
				GCC_WARN_UNUSED_FUNCTION = YES;
				GCC_WARN_UNUSED_VARIABLE = YES;
				IPHONEOS_DEPLOYMENT_TARGET = 16.2;
				MTL_ENABLE_DEBUG_INFO = NO;
				MTL_FAST_MATH = YES;
				SDKROOT = iphoneos;
				SWIFT_COMPILATION_MODE = wholemodule;
				SWIFT_OPTIMIZATION_LEVEL = "-O";
				VALIDATE_PRODUCT = YES;
			};
			name = Release;
		};
		CE136B382A0D62C0003DA53A /* Debug */ = {
			isa = XCBuildConfiguration;
			buildSettings = {
				ASSETCATALOG_COMPILER_APPICON_NAME = AppIcon;
				ASSETCATALOG_COMPILER_GLOBAL_ACCENT_COLOR_NAME = AccentColor;
				CODE_SIGN_STYLE = Automatic;
				CURRENT_PROJECT_VERSION = 1;
				GENERATE_INFOPLIST_FILE = YES;
				INFOPLIST_FILE = MovieMVVM__APP/Info.plist;
				INFOPLIST_KEY_UIApplicationSupportsIndirectInputEvents = YES;
				INFOPLIST_KEY_UILaunchStoryboardName = LaunchScreen;
				INFOPLIST_KEY_UIMainStoryboardFile = Main;
				INFOPLIST_KEY_UISupportedInterfaceOrientations_iPad = "UIInterfaceOrientationPortrait UIInterfaceOrientationPortraitUpsideDown UIInterfaceOrientationLandscapeLeft UIInterfaceOrientationLandscapeRight";
				INFOPLIST_KEY_UISupportedInterfaceOrientations_iPhone = "UIInterfaceOrientationPortrait UIInterfaceOrientationLandscapeLeft UIInterfaceOrientationLandscapeRight";
				LD_RUNPATH_SEARCH_PATHS = (
					"$(inherited)",
					"@executable_path/Frameworks",
				);
				MARKETING_VERSION = 1.0;
				PRODUCT_BUNDLE_IDENTIFIER = "Ryan.MovieMVVM--APP";
				PRODUCT_NAME = "$(TARGET_NAME)";
				SWIFT_EMIT_LOC_STRINGS = YES;
				SWIFT_VERSION = 5.0;
				TARGETED_DEVICE_FAMILY = "1,2";
			};
			name = Debug;
		};
		CE136B392A0D62C0003DA53A /* Release */ = {
			isa = XCBuildConfiguration;
			buildSettings = {
				ASSETCATALOG_COMPILER_APPICON_NAME = AppIcon;
				ASSETCATALOG_COMPILER_GLOBAL_ACCENT_COLOR_NAME = AccentColor;
				CODE_SIGN_STYLE = Automatic;
				CURRENT_PROJECT_VERSION = 1;
				GENERATE_INFOPLIST_FILE = YES;
				INFOPLIST_FILE = MovieMVVM__APP/Info.plist;
				INFOPLIST_KEY_UIApplicationSupportsIndirectInputEvents = YES;
				INFOPLIST_KEY_UILaunchStoryboardName = LaunchScreen;
				INFOPLIST_KEY_UIMainStoryboardFile = Main;
				INFOPLIST_KEY_UISupportedInterfaceOrientations_iPad = "UIInterfaceOrientationPortrait UIInterfaceOrientationPortraitUpsideDown UIInterfaceOrientationLandscapeLeft UIInterfaceOrientationLandscapeRight";
				INFOPLIST_KEY_UISupportedInterfaceOrientations_iPhone = "UIInterfaceOrientationPortrait UIInterfaceOrientationLandscapeLeft UIInterfaceOrientationLandscapeRight";
				LD_RUNPATH_SEARCH_PATHS = (
					"$(inherited)",
					"@executable_path/Frameworks",
				);
				MARKETING_VERSION = 1.0;
				PRODUCT_BUNDLE_IDENTIFIER = "Ryan.MovieMVVM--APP";
				PRODUCT_NAME = "$(TARGET_NAME)";
				SWIFT_EMIT_LOC_STRINGS = YES;
				SWIFT_VERSION = 5.0;
				TARGETED_DEVICE_FAMILY = "1,2";
			};
			name = Release;
		};
		CE136B3B2A0D62C0003DA53A /* Debug */ = {
			isa = XCBuildConfiguration;
			buildSettings = {
				ALWAYS_EMBED_SWIFT_STANDARD_LIBRARIES = YES;
				BUNDLE_LOADER = "$(TEST_HOST)";
				CODE_SIGN_STYLE = Automatic;
				CURRENT_PROJECT_VERSION = 1;
				GENERATE_INFOPLIST_FILE = YES;
				IPHONEOS_DEPLOYMENT_TARGET = 16.2;
				MARKETING_VERSION = 1.0;
				PRODUCT_BUNDLE_IDENTIFIER = "Ryan.MovieMVVM--APPTests";
				PRODUCT_NAME = "$(TARGET_NAME)";
				SWIFT_EMIT_LOC_STRINGS = NO;
				SWIFT_VERSION = 5.0;
				TARGETED_DEVICE_FAMILY = "1,2";
				TEST_HOST = "$(BUILT_PRODUCTS_DIR)/MovieMVVM__APP.app/$(BUNDLE_EXECUTABLE_FOLDER_PATH)/MovieMVVM__APP";
			};
			name = Debug;
		};
		CE136B3C2A0D62C0003DA53A /* Release */ = {
			isa = XCBuildConfiguration;
			buildSettings = {
				ALWAYS_EMBED_SWIFT_STANDARD_LIBRARIES = YES;
				BUNDLE_LOADER = "$(TEST_HOST)";
				CODE_SIGN_STYLE = Automatic;
				CURRENT_PROJECT_VERSION = 1;
				GENERATE_INFOPLIST_FILE = YES;
				IPHONEOS_DEPLOYMENT_TARGET = 16.2;
				MARKETING_VERSION = 1.0;
				PRODUCT_BUNDLE_IDENTIFIER = "Ryan.MovieMVVM--APPTests";
				PRODUCT_NAME = "$(TARGET_NAME)";
				SWIFT_EMIT_LOC_STRINGS = NO;
				SWIFT_VERSION = 5.0;
				TARGETED_DEVICE_FAMILY = "1,2";
				TEST_HOST = "$(BUILT_PRODUCTS_DIR)/MovieMVVM__APP.app/$(BUNDLE_EXECUTABLE_FOLDER_PATH)/MovieMVVM__APP";
			};
			name = Release;
		};
		CE136B3E2A0D62C0003DA53A /* Debug */ = {
			isa = XCBuildConfiguration;
			buildSettings = {
				ALWAYS_EMBED_SWIFT_STANDARD_LIBRARIES = YES;
				CODE_SIGN_STYLE = Automatic;
				CURRENT_PROJECT_VERSION = 1;
				GENERATE_INFOPLIST_FILE = YES;
				MARKETING_VERSION = 1.0;
				PRODUCT_BUNDLE_IDENTIFIER = "Ryan.MovieMVVM--APPUITests";
				PRODUCT_NAME = "$(TARGET_NAME)";
				SWIFT_EMIT_LOC_STRINGS = NO;
				SWIFT_VERSION = 5.0;
				TARGETED_DEVICE_FAMILY = "1,2";
				TEST_TARGET_NAME = MovieMVVM__APP;
			};
			name = Debug;
		};
		CE136B3F2A0D62C0003DA53A /* Release */ = {
			isa = XCBuildConfiguration;
			buildSettings = {
				ALWAYS_EMBED_SWIFT_STANDARD_LIBRARIES = YES;
				CODE_SIGN_STYLE = Automatic;
				CURRENT_PROJECT_VERSION = 1;
				GENERATE_INFOPLIST_FILE = YES;
				MARKETING_VERSION = 1.0;
				PRODUCT_BUNDLE_IDENTIFIER = "Ryan.MovieMVVM--APPUITests";
				PRODUCT_NAME = "$(TARGET_NAME)";
				SWIFT_EMIT_LOC_STRINGS = NO;
				SWIFT_VERSION = 5.0;
				TARGETED_DEVICE_FAMILY = "1,2";
				TEST_TARGET_NAME = MovieMVVM__APP;
			};
			name = Release;
		};
/* End XCBuildConfiguration section */

/* Begin XCConfigurationList section */
		CE136B082A0D62BF003DA53A /* Build configuration list for PBXProject "MovieMVVM__APP" */ = {
			isa = XCConfigurationList;
			buildConfigurations = (
				CE136B352A0D62C0003DA53A /* Debug */,
				CE136B362A0D62C0003DA53A /* Release */,
			);
			defaultConfigurationIsVisible = 0;
			defaultConfigurationName = Release;
		};
		CE136B372A0D62C0003DA53A /* Build configuration list for PBXNativeTarget "MovieMVVM__APP" */ = {
			isa = XCConfigurationList;
			buildConfigurations = (
				CE136B382A0D62C0003DA53A /* Debug */,
				CE136B392A0D62C0003DA53A /* Release */,
			);
			defaultConfigurationIsVisible = 0;
			defaultConfigurationName = Release;
		};
		CE136B3A2A0D62C0003DA53A /* Build configuration list for PBXNativeTarget "MovieMVVM__APPTests" */ = {
			isa = XCConfigurationList;
			buildConfigurations = (
				CE136B3B2A0D62C0003DA53A /* Debug */,
				CE136B3C2A0D62C0003DA53A /* Release */,
			);
			defaultConfigurationIsVisible = 0;
			defaultConfigurationName = Release;
		};
		CE136B3D2A0D62C0003DA53A /* Build configuration list for PBXNativeTarget "MovieMVVM__APPUITests" */ = {
			isa = XCConfigurationList;
			buildConfigurations = (
				CE136B3E2A0D62C0003DA53A /* Debug */,
				CE136B3F2A0D62C0003DA53A /* Release */,
			);
			defaultConfigurationIsVisible = 0;
			defaultConfigurationName = Release;
		};
/* End XCConfigurationList section */
	};
	rootObject = CE136B052A0D62BF003DA53A /* Project object */;
}
